// !$*UTF8*$!
{
	archiveVersion = 1;
	classes = {
	};
	objectVersion = 56;
	objects = {

/* Begin PBXBuildFile section */
		15899C10297172CA002A4F39 /* landmarkApp.swift in Sources */ = {isa = PBXBuildFile; fileRef = 15899C0F297172CA002A4F39 /* landmarkApp.swift */; };
		15899C12297172CA002A4F39 /* ContentView.swift in Sources */ = {isa = PBXBuildFile; fileRef = 15899C11297172CA002A4F39 /* ContentView.swift */; };
		15899C14297172CD002A4F39 /* Assets.xcassets in Resources */ = {isa = PBXBuildFile; fileRef = 15899C13297172CD002A4F39 /* Assets.xcassets */; };
		15899C18297172CD002A4F39 /* Preview Assets.xcassets in Resources */ = {isa = PBXBuildFile; fileRef = 15899C17297172CD002A4F39 /* Preview Assets.xcassets */; };
		15899C22297172CD002A4F39 /* landmarkTests.swift in Sources */ = {isa = PBXBuildFile; fileRef = 15899C21297172CD002A4F39 /* landmarkTests.swift */; };
		15899C2C297172CD002A4F39 /* landmarkUITests.swift in Sources */ = {isa = PBXBuildFile; fileRef = 15899C2B297172CD002A4F39 /* landmarkUITests.swift */; };
		15899C2E297172CD002A4F39 /* landmarkUITestsLaunchTests.swift in Sources */ = {isa = PBXBuildFile; fileRef = 15899C2D297172CD002A4F39 /* landmarkUITestsLaunchTests.swift */; };
/* End PBXBuildFile section */

/* Begin PBXContainerItemProxy section */
		15899C1E297172CD002A4F39 /* PBXContainerItemProxy */ = {
			isa = PBXContainerItemProxy;
			containerPortal = 15899C04297172CA002A4F39 /* Project object */;
			proxyType = 1;
			remoteGlobalIDString = 15899C0B297172CA002A4F39;
			remoteInfo = landmark;
		};
		15899C28297172CD002A4F39 /* PBXContainerItemProxy */ = {
			isa = PBXContainerItemProxy;
			containerPortal = 15899C04297172CA002A4F39 /* Project object */;
			proxyType = 1;
			remoteGlobalIDString = 15899C0B297172CA002A4F39;
			remoteInfo = landmark;
		};
/* End PBXContainerItemProxy section */

/* Begin PBXFileReference section */
		15899C0C297172CA002A4F39 /* landmark.app */ = {isa = PBXFileReference; explicitFileType = wrapper.application; includeInIndex = 0; path = landmark.app; sourceTree = BUILT_PRODUCTS_DIR; };
		15899C0F297172CA002A4F39 /* landmarkApp.swift */ = {isa = PBXFileReference; lastKnownFileType = sourcecode.swift; path = landmarkApp.swift; sourceTree = "<group>"; };
		15899C11297172CA002A4F39 /* ContentView.swift */ = {isa = PBXFileReference; lastKnownFileType = sourcecode.swift; path = ContentView.swift; sourceTree = "<group>"; };
		15899C13297172CD002A4F39 /* Assets.xcassets */ = {isa = PBXFileReference; lastKnownFileType = folder.assetcatalog; path = Assets.xcassets; sourceTree = "<group>"; };
		15899C15297172CD002A4F39 /* landmark.entitlements */ = {isa = PBXFileReference; lastKnownFileType = text.plist.entitlements; path = landmark.entitlements; sourceTree = "<group>"; };
		15899C17297172CD002A4F39 /* Preview Assets.xcassets */ = {isa = PBXFileReference; lastKnownFileType = folder.assetcatalog; path = "Preview Assets.xcassets"; sourceTree = "<group>"; };
		15899C1D297172CD002A4F39 /* landmarkTests.xctest */ = {isa = PBXFileReference; explicitFileType = wrapper.cfbundle; includeInIndex = 0; path = landmarkTests.xctest; sourceTree = BUILT_PRODUCTS_DIR; };
		15899C21297172CD002A4F39 /* landmarkTests.swift */ = {isa = PBXFileReference; lastKnownFileType = sourcecode.swift; path = landmarkTests.swift; sourceTree = "<group>"; };
		15899C27297172CD002A4F39 /* landmarkUITests.xctest */ = {isa = PBXFileReference; explicitFileType = wrapper.cfbundle; includeInIndex = 0; path = landmarkUITests.xctest; sourceTree = BUILT_PRODUCTS_DIR; };
		15899C2B297172CD002A4F39 /* landmarkUITests.swift */ = {isa = PBXFileReference; lastKnownFileType = sourcecode.swift; path = landmarkUITests.swift; sourceTree = "<group>"; };
		15899C2D297172CD002A4F39 /* landmarkUITestsLaunchTests.swift */ = {isa = PBXFileReference; lastKnownFileType = sourcecode.swift; path = landmarkUITestsLaunchTests.swift; sourceTree = "<group>"; };
/* End PBXFileReference section */

/* Begin PBXFrameworksBuildPhase section */
		15899C09297172CA002A4F39 /* Frameworks */ = {
			isa = PBXFrameworksBuildPhase;
			buildActionMask = 2147483647;
			files = (
			);
			runOnlyForDeploymentPostprocessing = 0;
		};
		15899C1A297172CD002A4F39 /* Frameworks */ = {
			isa = PBXFrameworksBuildPhase;
			buildActionMask = 2147483647;
			files = (
			);
			runOnlyForDeploymentPostprocessing = 0;
		};
		15899C24297172CD002A4F39 /* Frameworks */ = {
			isa = PBXFrameworksBuildPhase;
			buildActionMask = 2147483647;
			files = (
			);
			runOnlyForDeploymentPostprocessing = 0;
		};
/* End PBXFrameworksBuildPhase section */

/* Begin PBXGroup section */
		15899C03297172CA002A4F39 = {
			isa = PBXGroup;
			children = (
				15899C0E297172CA002A4F39 /* landmark */,
				15899C20297172CD002A4F39 /* landmarkTests */,
				15899C2A297172CD002A4F39 /* landmarkUITests */,
				15899C0D297172CA002A4F39 /* Products */,
			);
			sourceTree = "<group>";
		};
		15899C0D297172CA002A4F39 /* Products */ = {
			isa = PBXGroup;
			children = (
				15899C0C297172CA002A4F39 /* landmark.app */,
				15899C1D297172CD002A4F39 /* landmarkTests.xctest */,
				15899C27297172CD002A4F39 /* landmarkUITests.xctest */,
			);
			name = Products;
			sourceTree = "<group>";
		};
		15899C0E297172CA002A4F39 /* landmark */ = {
			isa = PBXGroup;
			children = (
				15899C0F297172CA002A4F39 /* landmarkApp.swift */,
				15899C11297172CA002A4F39 /* ContentView.swift */,
				15899C13297172CD002A4F39 /* Assets.xcassets */,
				15899C15297172CD002A4F39 /* landmark.entitlements */,
				15899C16297172CD002A4F39 /* Preview Content */,
			);
			path = landmark;
			sourceTree = "<group>";
		};
		15899C16297172CD002A4F39 /* Preview Content */ = {
			isa = PBXGroup;
			children = (
				15899C17297172CD002A4F39 /* Preview Assets.xcassets */,
			);
			path = "Preview Content";
			sourceTree = "<group>";
		};
		15899C20297172CD002A4F39 /* landmarkTests */ = {
			isa = PBXGroup;
			children = (
				15899C21297172CD002A4F39 /* landmarkTests.swift */,
			);
			path = landmarkTests;
			sourceTree = "<group>";
		};
		15899C2A297172CD002A4F39 /* landmarkUITests */ = {
			isa = PBXGroup;
			children = (
				15899C2B297172CD002A4F39 /* landmarkUITests.swift */,
				15899C2D297172CD002A4F39 /* landmarkUITestsLaunchTests.swift */,
			);
			path = landmarkUITests;
			sourceTree = "<group>";
		};
/* End PBXGroup section */

/* Begin PBXNativeTarget section */
		15899C0B297172CA002A4F39 /* landmark */ = {
			isa = PBXNativeTarget;
			buildConfigurationList = 15899C31297172CD002A4F39 /* Build configuration list for PBXNativeTarget "landmark" */;
			buildPhases = (
				15899C08297172CA002A4F39 /* Sources */,
				15899C09297172CA002A4F39 /* Frameworks */,
				15899C0A297172CA002A4F39 /* Resources */,
			);
			buildRules = (
			);
			dependencies = (
			);
			name = landmark;
			productName = landmark;
			productReference = 15899C0C297172CA002A4F39 /* landmark.app */;
			productType = "com.apple.product-type.application";
		};
		15899C1C297172CD002A4F39 /* landmarkTests */ = {
			isa = PBXNativeTarget;
			buildConfigurationList = 15899C34297172CD002A4F39 /* Build configuration list for PBXNativeTarget "landmarkTests" */;
			buildPhases = (
				15899C19297172CD002A4F39 /* Sources */,
				15899C1A297172CD002A4F39 /* Frameworks */,
				15899C1B297172CD002A4F39 /* Resources */,
			);
			buildRules = (
			);
			dependencies = (
				15899C1F297172CD002A4F39 /* PBXTargetDependency */,
			);
			name = landmarkTests;
			productName = landmarkTests;
			productReference = 15899C1D297172CD002A4F39 /* landmarkTests.xctest */;
			productType = "com.apple.product-type.bundle.unit-test";
		};
		15899C26297172CD002A4F39 /* landmarkUITests */ = {
			isa = PBXNativeTarget;
			buildConfigurationList = 15899C37297172CD002A4F39 /* Build configuration list for PBXNativeTarget "landmarkUITests" */;
			buildPhases = (
				15899C23297172CD002A4F39 /* Sources */,
				15899C24297172CD002A4F39 /* Frameworks */,
				15899C25297172CD002A4F39 /* Resources */,
			);
			buildRules = (
			);
			dependencies = (
				15899C29297172CD002A4F39 /* PBXTargetDependency */,
			);
			name = landmarkUITests;
			productName = landmarkUITests;
			productReference = 15899C27297172CD002A4F39 /* landmarkUITests.xctest */;
			productType = "com.apple.product-type.bundle.ui-testing";
		};
/* End PBXNativeTarget section */

/* Begin PBXProject section */
		15899C04297172CA002A4F39 /* Project object */ = {
			isa = PBXProject;
			attributes = {
				BuildIndependentTargetsInParallel = 1;
				LastSwiftUpdateCheck = 1420;
				LastUpgradeCheck = 1420;
				TargetAttributes = {
					15899C0B297172CA002A4F39 = {
						CreatedOnToolsVersion = 14.2;
					};
					15899C1C297172CD002A4F39 = {
						CreatedOnToolsVersion = 14.2;
						TestTargetID = 15899C0B297172CA002A4F39;
					};
					15899C26297172CD002A4F39 = {
						CreatedOnToolsVersion = 14.2;
						TestTargetID = 15899C0B297172CA002A4F39;
					};
				};
			};
			buildConfigurationList = 15899C07297172CA002A4F39 /* Build configuration list for PBXProject "landmark" */;
			compatibilityVersion = "Xcode 14.0";
			developmentRegion = en;
			hasScannedForEncodings = 0;
			knownRegions = (
				en,
				Base,
			);
			mainGroup = 15899C03297172CA002A4F39;
			productRefGroup = 15899C0D297172CA002A4F39 /* Products */;
			projectDirPath = "";
			projectRoot = "";
			targets = (
				15899C0B297172CA002A4F39 /* landmark */,
				15899C1C297172CD002A4F39 /* landmarkTests */,
				15899C26297172CD002A4F39 /* landmarkUITests */,
			);
		};
/* End PBXProject section */

/* Begin PBXResourcesBuildPhase section */
		15899C0A297172CA002A4F39 /* Resources */ = {
			isa = PBXResourcesBuildPhase;
			buildActionMask = 2147483647;
			files = (
				15899C18297172CD002A4F39 /* Preview Assets.xcassets in Resources */,
				15899C14297172CD002A4F39 /* Assets.xcassets in Resources */,
			);
			runOnlyForDeploymentPostprocessing = 0;
		};
		15899C1B297172CD002A4F39 /* Resources */ = {
			isa = PBXResourcesBuildPhase;
			buildActionMask = 2147483647;
			files = (
			);
			runOnlyForDeploymentPostprocessing = 0;
		};
		15899C25297172CD002A4F39 /* Resources */ = {
			isa = PBXResourcesBuildPhase;
			buildActionMask = 2147483647;
			files = (
			);
			runOnlyForDeploymentPostprocessing = 0;
		};
/* End PBXResourcesBuildPhase section */

/* Begin PBXSourcesBuildPhase section */
		15899C08297172CA002A4F39 /* Sources */ = {
			isa = PBXSourcesBuildPhase;
			buildActionMask = 2147483647;
			files = (
				15899C12297172CA002A4F39 /* ContentView.swift in Sources */,
				15899C10297172CA002A4F39 /* landmarkApp.swift in Sources */,
			);
			runOnlyForDeploymentPostprocessing = 0;
		};
		15899C19297172CD002A4F39 /* Sources */ = {
			isa = PBXSourcesBuildPhase;
			buildActionMask = 2147483647;
			files = (
				15899C22297172CD002A4F39 /* landmarkTests.swift in Sources */,
			);
			runOnlyForDeploymentPostprocessing = 0;
		};
		15899C23297172CD002A4F39 /* Sources */ = {
			isa = PBXSourcesBuildPhase;
			buildActionMask = 2147483647;
			files = (
				15899C2E297172CD002A4F39 /* landmarkUITestsLaunchTests.swift in Sources */,
				15899C2C297172CD002A4F39 /* landmarkUITests.swift in Sources */,
			);
			runOnlyForDeploymentPostprocessing = 0;
		};
/* End PBXSourcesBuildPhase section */

/* Begin PBXTargetDependency section */
		15899C1F297172CD002A4F39 /* PBXTargetDependency */ = {
			isa = PBXTargetDependency;
			target = 15899C0B297172CA002A4F39 /* landmark */;
			targetProxy = 15899C1E297172CD002A4F39 /* PBXContainerItemProxy */;
		};
		15899C29297172CD002A4F39 /* PBXTargetDependency */ = {
			isa = PBXTargetDependency;
			target = 15899C0B297172CA002A4F39 /* landmark */;
			targetProxy = 15899C28297172CD002A4F39 /* PBXContainerItemProxy */;
		};
/* End PBXTargetDependency section */

/* Begin XCBuildConfiguration section */
		15899C2F297172CD002A4F39 /* Debug */ = {
			isa = XCBuildConfiguration;
			buildSettings = {
				ALWAYS_SEARCH_USER_PATHS = NO;
				CLANG_ANALYZER_NONNULL = YES;
				CLANG_ANALYZER_NUMBER_OBJECT_CONVERSION = YES_AGGRESSIVE;
				CLANG_CXX_LANGUAGE_STANDARD = "gnu++20";
				CLANG_ENABLE_MODULES = YES;
				CLANG_ENABLE_OBJC_ARC = YES;
				CLANG_ENABLE_OBJC_WEAK = YES;
				CLANG_WARN_BLOCK_CAPTURE_AUTORELEASING = YES;
				CLANG_WARN_BOOL_CONVERSION = YES;
				CLANG_WARN_COMMA = YES;
				CLANG_WARN_CONSTANT_CONVERSION = YES;
				CLANG_WARN_DEPRECATED_OBJC_IMPLEMENTATIONS = YES;
				CLANG_WARN_DIRECT_OBJC_ISA_USAGE = YES_ERROR;
				CLANG_WARN_DOCUMENTATION_COMMENTS = YES;
				CLANG_WARN_EMPTY_BODY = YES;
				CLANG_WARN_ENUM_CONVERSION = YES;
				CLANG_WARN_INFINITE_RECURSION = YES;
				CLANG_WARN_INT_CONVERSION = YES;
				CLANG_WARN_NON_LITERAL_NULL_CONVERSION = YES;
				CLANG_WARN_OBJC_IMPLICIT_RETAIN_SELF = YES;
				CLANG_WARN_OBJC_LITERAL_CONVERSION = YES;
				CLANG_WARN_OBJC_ROOT_CLASS = YES_ERROR;
				CLANG_WARN_QUOTED_INCLUDE_IN_FRAMEWORK_HEADER = YES;
				CLANG_WARN_RANGE_LOOP_ANALYSIS = YES;
				CLANG_WARN_STRICT_PROTOTYPES = YES;
				CLANG_WARN_SUSPICIOUS_MOVE = YES;
				CLANG_WARN_UNGUARDED_AVAILABILITY = YES_AGGRESSIVE;
				CLANG_WARN_UNREACHABLE_CODE = YES;
				CLANG_WARN__DUPLICATE_METHOD_MATCH = YES;
				COPY_PHASE_STRIP = NO;
				DEBUG_INFORMATION_FORMAT = dwarf;
				ENABLE_STRICT_OBJC_MSGSEND = YES;
				ENABLE_TESTABILITY = YES;
				GCC_C_LANGUAGE_STANDARD = gnu11;
				GCC_DYNAMIC_NO_PIC = NO;
				GCC_NO_COMMON_BLOCKS = YES;
				GCC_OPTIMIZATION_LEVEL = 0;
				GCC_PREPROCESSOR_DEFINITIONS = (
					"DEBUG=1",
					"$(inherited)",
				);
				GCC_WARN_64_TO_32_BIT_CONVERSION = YES;
				GCC_WARN_ABOUT_RETURN_TYPE = YES_ERROR;
				GCC_WARN_UNDECLARED_SELECTOR = YES;
				GCC_WARN_UNINITIALIZED_AUTOS = YES_AGGRESSIVE;
				GCC_WARN_UNUSED_FUNCTION = YES;
				GCC_WARN_UNUSED_VARIABLE = YES;
				MTL_ENABLE_DEBUG_INFO = INCLUDE_SOURCE;
				MTL_FAST_MATH = YES;
				ONLY_ACTIVE_ARCH = YES;
				SWIFT_ACTIVE_COMPILATION_CONDITIONS = DEBUG;
				SWIFT_OPTIMIZATION_LEVEL = "-Onone";
			};
			name = Debug;
		};
		15899C30297172CD002A4F39 /* Release */ = {
			isa = XCBuildConfiguration;
			buildSettings = {
				ALWAYS_SEARCH_USER_PATHS = NO;
				CLANG_ANALYZER_NONNULL = YES;
				CLANG_ANALYZER_NUMBER_OBJECT_CONVERSION = YES_AGGRESSIVE;
				CLANG_CXX_LANGUAGE_STANDARD = "gnu++20";
				CLANG_ENABLE_MODULES = YES;
				CLANG_ENABLE_OBJC_ARC = YES;
				CLANG_ENABLE_OBJC_WEAK = YES;
				CLANG_WARN_BLOCK_CAPTURE_AUTORELEASING = YES;
				CLANG_WARN_BOOL_CONVERSION = YES;
				CLANG_WARN_COMMA = YES;
				CLANG_WARN_CONSTANT_CONVERSION = YES;
				CLANG_WARN_DEPRECATED_OBJC_IMPLEMENTATIONS = YES;
				CLANG_WARN_DIRECT_OBJC_ISA_USAGE = YES_ERROR;
				CLANG_WARN_DOCUMENTATION_COMMENTS = YES;
				CLANG_WARN_EMPTY_BODY = YES;
				CLANG_WARN_ENUM_CONVERSION = YES;
				CLANG_WARN_INFINITE_RECURSION = YES;
				CLANG_WARN_INT_CONVERSION = YES;
				CLANG_WARN_NON_LITERAL_NULL_CONVERSION = YES;
				CLANG_WARN_OBJC_IMPLICIT_RETAIN_SELF = YES;
				CLANG_WARN_OBJC_LITERAL_CONVERSION = YES;
				CLANG_WARN_OBJC_ROOT_CLASS = YES_ERROR;
				CLANG_WARN_QUOTED_INCLUDE_IN_FRAMEWORK_HEADER = YES;
				CLANG_WARN_RANGE_LOOP_ANALYSIS = YES;
				CLANG_WARN_STRICT_PROTOTYPES = YES;
				CLANG_WARN_SUSPICIOUS_MOVE = YES;
				CLANG_WARN_UNGUARDED_AVAILABILITY = YES_AGGRESSIVE;
				CLANG_WARN_UNREACHABLE_CODE = YES;
				CLANG_WARN__DUPLICATE_METHOD_MATCH = YES;
				COPY_PHASE_STRIP = NO;
				DEBUG_INFORMATION_FORMAT = "dwarf-with-dsym";
				ENABLE_NS_ASSERTIONS = NO;
				ENABLE_STRICT_OBJC_MSGSEND = YES;
				GCC_C_LANGUAGE_STANDARD = gnu11;
				GCC_NO_COMMON_BLOCKS = YES;
				GCC_WARN_64_TO_32_BIT_CONVERSION = YES;
				GCC_WARN_ABOUT_RETURN_TYPE = YES_ERROR;
				GCC_WARN_UNDECLARED_SELECTOR = YES;
				GCC_WARN_UNINITIALIZED_AUTOS = YES_AGGRESSIVE;
				GCC_WARN_UNUSED_FUNCTION = YES;
				GCC_WARN_UNUSED_VARIABLE = YES;
				MTL_ENABLE_DEBUG_INFO = NO;
				MTL_FAST_MATH = YES;
				SWIFT_COMPILATION_MODE = wholemodule;
				SWIFT_OPTIMIZATION_LEVEL = "-O";
			};
			name = Release;
		};
		15899C32297172CD002A4F39 /* Debug */ = {
			isa = XCBuildConfiguration;
			buildSettings = {
				ASSETCATALOG_COMPILER_APPICON_NAME = AppIcon;
				ASSETCATALOG_COMPILER_GLOBAL_ACCENT_COLOR_NAME = AccentColor;
				CODE_SIGN_ENTITLEMENTS = landmark/landmark.entitlements;
				CODE_SIGN_STYLE = Automatic;
				CURRENT_PROJECT_VERSION = 1;
				DEVELOPMENT_ASSET_PATHS = "\"landmark/Preview Content\"";
				ENABLE_PREVIEWS = YES;
				GENERATE_INFOPLIST_FILE = YES;
				"INFOPLIST_KEY_UIApplicationSceneManifest_Generation[sdk=iphoneos*]" = YES;
				"INFOPLIST_KEY_UIApplicationSceneManifest_Generation[sdk=iphonesimulator*]" = YES;
				"INFOPLIST_KEY_UIApplicationSupportsIndirectInputEvents[sdk=iphoneos*]" = YES;
				"INFOPLIST_KEY_UIApplicationSupportsIndirectInputEvents[sdk=iphonesimulator*]" = YES;
				"INFOPLIST_KEY_UILaunchScreen_Generation[sdk=iphoneos*]" = YES;
				"INFOPLIST_KEY_UILaunchScreen_Generation[sdk=iphonesimulator*]" = YES;
				"INFOPLIST_KEY_UIStatusBarStyle[sdk=iphoneos*]" = UIStatusBarStyleDefault;
				"INFOPLIST_KEY_UIStatusBarStyle[sdk=iphonesimulator*]" = UIStatusBarStyleDefault;
				INFOPLIST_KEY_UISupportedInterfaceOrientations_iPad = "UIInterfaceOrientationPortrait UIInterfaceOrientationPortraitUpsideDown UIInterfaceOrientationLandscapeLeft UIInterfaceOrientationLandscapeRight";
				INFOPLIST_KEY_UISupportedInterfaceOrientations_iPhone = "UIInterfaceOrientationPortrait UIInterfaceOrientationLandscapeLeft UIInterfaceOrientationLandscapeRight";
				IPHONEOS_DEPLOYMENT_TARGET = 16.2;
				LD_RUNPATH_SEARCH_PATHS = "@executable_path/Frameworks";
				"LD_RUNPATH_SEARCH_PATHS[sdk=macosx*]" = "@executable_path/../Frameworks";
				MACOSX_DEPLOYMENT_TARGET = 13.1;
				MARKETING_VERSION = 1.0;
				PRODUCT_BUNDLE_IDENTIFIER = xcode.landmark;
				PRODUCT_NAME = "$(TARGET_NAME)";
				SDKROOT = auto;
				SUPPORTED_PLATFORMS = "iphoneos iphonesimulator macosx";
				SWIFT_EMIT_LOC_STRINGS = YES;
				SWIFT_VERSION = 5.0;
				TARGETED_DEVICE_FAMILY = "1,2";
			};
			name = Debug;
		};
		15899C33297172CD002A4F39 /* Release */ = {
			isa = XCBuildConfiguration;
			buildSettings = {
				ASSETCATALOG_COMPILER_APPICON_NAME = AppIcon;
				ASSETCATALOG_COMPILER_GLOBAL_ACCENT_COLOR_NAME = AccentColor;
				CODE_SIGN_ENTITLEMENTS = landmark/landmark.entitlements;
				CODE_SIGN_STYLE = Automatic;
				CURRENT_PROJECT_VERSION = 1;
				DEVELOPMENT_ASSET_PATHS = "\"landmark/Preview Content\"";
				ENABLE_PREVIEWS = YES;
				GENERATE_INFOPLIST_FILE = YES;
				"INFOPLIST_KEY_UIApplicationSceneManifest_Generation[sdk=iphoneos*]" = YES;
				"INFOPLIST_KEY_UIApplicationSceneManifest_Generation[sdk=iphonesimulator*]" = YES;
				"INFOPLIST_KEY_UIApplicationSupportsIndirectInputEvents[sdk=iphoneos*]" = YES;
				"INFOPLIST_KEY_UIApplicationSupportsIndirectInputEvents[sdk=iphonesimulator*]" = YES;
				"INFOPLIST_KEY_UILaunchScreen_Generation[sdk=iphoneos*]" = YES;
				"INFOPLIST_KEY_UILaunchScreen_Generation[sdk=iphonesimulator*]" = YES;
				"INFOPLIST_KEY_UIStatusBarStyle[sdk=iphoneos*]" = UIStatusBarStyleDefault;
				"INFOPLIST_KEY_UIStatusBarStyle[sdk=iphonesimulator*]" = UIStatusBarStyleDefault;
				INFOPLIST_KEY_UISupportedInterfaceOrientations_iPad = "UIInterfaceOrientationPortrait UIInterfaceOrientationPortraitUpsideDown UIInterfaceOrientationLandscapeLeft UIInterfaceOrientationLandscapeRight";
				INFOPLIST_KEY_UISupportedInterfaceOrientations_iPhone = "UIInterfaceOrientationPortrait UIInterfaceOrientationLandscapeLeft UIInterfaceOrientationLandscapeRight";
				IPHONEOS_DEPLOYMENT_TARGET = 16.2;
				LD_RUNPATH_SEARCH_PATHS = "@executable_path/Frameworks";
				"LD_RUNPATH_SEARCH_PATHS[sdk=macosx*]" = "@executable_path/../Frameworks";
				MACOSX_DEPLOYMENT_TARGET = 13.1;
				MARKETING_VERSION = 1.0;
				PRODUCT_BUNDLE_IDENTIFIER = xcode.landmark;
				PRODUCT_NAME = "$(TARGET_NAME)";
				SDKROOT = auto;
				SUPPORTED_PLATFORMS = "iphoneos iphonesimulator macosx";
				SWIFT_EMIT_LOC_STRINGS = YES;
				SWIFT_VERSION = 5.0;
				TARGETED_DEVICE_FAMILY = "1,2";
			};
			name = Release;
		};
		15899C35297172CD002A4F39 /* Debug */ = {
			isa = XCBuildConfiguration;
			buildSettings = {
				ALWAYS_EMBED_SWIFT_STANDARD_LIBRARIES = YES;
				BUNDLE_LOADER = "$(TEST_HOST)";
				CODE_SIGN_STYLE = Automatic;
				CURRENT_PROJECT_VERSION = 1;
				GENERATE_INFOPLIST_FILE = YES;
				IPHONEOS_DEPLOYMENT_TARGET = 16.2;
				MACOSX_DEPLOYMENT_TARGET = 13.1;
				MARKETING_VERSION = 1.0;
				PRODUCT_BUNDLE_IDENTIFIER = xcode.landmarkTests;
				PRODUCT_NAME = "$(TARGET_NAME)";
				SDKROOT = auto;
				SUPPORTED_PLATFORMS = "iphoneos iphonesimulator macosx";
				SWIFT_EMIT_LOC_STRINGS = NO;
				SWIFT_VERSION = 5.0;
				TARGETED_DEVICE_FAMILY = "1,2";
				TEST_HOST = "$(BUILT_PRODUCTS_DIR)/landmark.app/$(BUNDLE_EXECUTABLE_FOLDER_PATH)/landmark";
			};
			name = Debug;
		};
		15899C36297172CD002A4F39 /* Release */ = {
			isa = XCBuildConfiguration;
			buildSettings = {
				ALWAYS_EMBED_SWIFT_STANDARD_LIBRARIES = YES;
				BUNDLE_LOADER = "$(TEST_HOST)";
				CODE_SIGN_STYLE = Automatic;
				CURRENT_PROJECT_VERSION = 1;
				GENERATE_INFOPLIST_FILE = YES;
				IPHONEOS_DEPLOYMENT_TARGET = 16.2;
				MACOSX_DEPLOYMENT_TARGET = 13.1;
				MARKETING_VERSION = 1.0;
				PRODUCT_BUNDLE_IDENTIFIER = xcode.landmarkTests;
				PRODUCT_NAME = "$(TARGET_NAME)";
				SDKROOT = auto;
				SUPPORTED_PLATFORMS = "iphoneos iphonesimulator macosx";
				SWIFT_EMIT_LOC_STRINGS = NO;
				SWIFT_VERSION = 5.0;
				TARGETED_DEVICE_FAMILY = "1,2";
				TEST_HOST = "$(BUILT_PRODUCTS_DIR)/landmark.app/$(BUNDLE_EXECUTABLE_FOLDER_PATH)/landmark";
			};
			name = Release;
		};
		15899C38297172CD002A4F39 /* Debug */ = {
			isa = XCBuildConfiguration;
			buildSettings = {
				ALWAYS_EMBED_SWIFT_STANDARD_LIBRARIES = YES;
				CODE_SIGN_STYLE = Automatic;
				CURRENT_PROJECT_VERSION = 1;
				GENERATE_INFOPLIST_FILE = YES;
				IPHONEOS_DEPLOYMENT_TARGET = 16.2;
				MACOSX_DEPLOYMENT_TARGET = 13.1;
				MARKETING_VERSION = 1.0;
				PRODUCT_BUNDLE_IDENTIFIER = xcode.landmarkUITests;
				PRODUCT_NAME = "$(TARGET_NAME)";
				SDKROOT = auto;
				SUPPORTED_PLATFORMS = "iphoneos iphonesimulator macosx";
				SWIFT_EMIT_LOC_STRINGS = NO;
				SWIFT_VERSION = 5.0;
				TARGETED_DEVICE_FAMILY = "1,2";
				TEST_TARGET_NAME = landmark;
			};
			name = Debug;
		};
		15899C39297172CD002A4F39 /* Release */ = {
			isa = XCBuildConfiguration;
			buildSettings = {
				ALWAYS_EMBED_SWIFT_STANDARD_LIBRARIES = YES;
				CODE_SIGN_STYLE = Automatic;
				CURRENT_PROJECT_VERSION = 1;
				GENERATE_INFOPLIST_FILE = YES;
				IPHONEOS_DEPLOYMENT_TARGET = 16.2;
				MACOSX_DEPLOYMENT_TARGET = 13.1;
				MARKETING_VERSION = 1.0;
				PRODUCT_BUNDLE_IDENTIFIER = xcode.landmarkUITests;
				PRODUCT_NAME = "$(TARGET_NAME)";
				SDKROOT = auto;
				SUPPORTED_PLATFORMS = "iphoneos iphonesimulator macosx";
				SWIFT_EMIT_LOC_STRINGS = NO;
				SWIFT_VERSION = 5.0;
				TARGETED_DEVICE_FAMILY = "1,2";
				TEST_TARGET_NAME = landmark;
			};
			name = Release;
		};
/* End XCBuildConfiguration section */

/* Begin XCConfigurationList section */
		15899C07297172CA002A4F39 /* Build configuration list for PBXProject "landmark" */ = {
			isa = XCConfigurationList;
			buildConfigurations = (
				15899C2F297172CD002A4F39 /* Debug */,
				15899C30297172CD002A4F39 /* Release */,
			);
			defaultConfigurationIsVisible = 0;
			defaultConfigurationName = Release;
		};
		15899C31297172CD002A4F39 /* Build configuration list for PBXNativeTarget "landmark" */ = {
			isa = XCConfigurationList;
			buildConfigurations = (
				15899C32297172CD002A4F39 /* Debug */,
				15899C33297172CD002A4F39 /* Release */,
			);
			defaultConfigurationIsVisible = 0;
			defaultConfigurationName = Release;
		};
		15899C34297172CD002A4F39 /* Build configuration list for PBXNativeTarget "landmarkTests" */ = {
			isa = XCConfigurationList;
			buildConfigurations = (
				15899C35297172CD002A4F39 /* Debug */,
				15899C36297172CD002A4F39 /* Release */,
			);
			defaultConfigurationIsVisible = 0;
			defaultConfigurationName = Release;
		};
		15899C37297172CD002A4F39 /* Build configuration list for PBXNativeTarget "landmarkUITests" */ = {
			isa = XCConfigurationList;
			buildConfigurations = (
				15899C38297172CD002A4F39 /* Debug */,
				15899C39297172CD002A4F39 /* Release */,
			);
			defaultConfigurationIsVisible = 0;
			defaultConfigurationName = Release;
		};
/* End XCConfigurationList section */
	};
	rootObject = 15899C04297172CA002A4F39 /* Project object */;
}
